{
  "name": "edu",
  "version": "1.0.0",
  "lockfileVersion": 1,
  "requires": true,
  "dependencies": {
    "@danmarshall/jscad-typings": {
      "version": "1.0.0",
      "resolved": "https://npm.vancat.am/@danmarshall%2fjscad-typings/-/jscad-typings-1.0.0.tgz",
      "integrity": "sha512-MGGIGDItK2UQSsz7yTrXErQXDAFXR3UPxyQ7WZ5RHOwnv60CBXjmkJlXYMYPkSvo+7fUuQL2/ODcvECtc/fi9g=="
    },
    "@types/bezier-js": {
      "version": "0.0.6",
      "resolved": "https://npm.vancat.am/@types%2fbezier-js/-/bezier-js-0.0.6.tgz",
      "integrity": "sha1-DZdtaBY8SVUzLveYohoLPWOB0Ss="
    },
    "@types/node": {
      "version": "7.10.14",
      "resolved": "https://npm.vancat.am/@types%2fnode/-/node-7.10.14.tgz",
      "integrity": "sha512-29GS75BE8asnTno3yB6ubOJOO0FboExEqNJy4bpz0GSmW/8wPTNL4h9h63c6s1uTrOopCmJYe/4yJLh5r92ZUA=="
    },
    "@types/opentype.js": {
      "version": "0.7.2",
      "resolved": "https://npm.vancat.am/@types%2fopentype.js/-/opentype.js-0.7.2.tgz",
      "integrity": "sha512-Riz6WyBUBEFs7YqSsJya3SbDHJZ6BmMkY7bzNoue6rtwj+RNilLc+mgOX/eJ0Y0asq16FSU6DatBeOg8ZMy2UQ=="
    },
    "@types/pdfkit": {
      "version": "0.7.36",
      "resolved": "https://npm.vancat.am/@types%2fpdfkit/-/pdfkit-0.7.36.tgz",
      "integrity": "sha512-9eRA6MuW+n78yU3HhoIrDxjyAX2++B5MpLDYqHOnaRTquCw+5sYXT+QN8E1eSaxvNUwlRfU3tOm4UzTeGWmBqg==",
      "requires": {
        "@types/node": "*"
      }
    },
    "bezier-js": {
      "version": "2.6.1",
      "resolved": "https://npm.vancat.am/bezier-js/-/bezier-js-2.6.1.tgz",
      "integrity": "sha512-jelZM33eNzcZ9snJ/5HqJLw3IzXvA8RFcBjkdOB8SDYyOvW8Y2tTosojAiBTnD1MhbHoWUYNbxUXxBl61TxbRg=="
    },
    "clone": {
      "version": "1.0.4",
      "resolved": "https://npm.vancat.am/clone/-/clone-1.0.4.tgz",
      "integrity": "sha1-2jCcwmPfFZlMaIypAheco8fNfH4="
    },
    "esbuild": {
      "version": "0.8.42",
      "resolved": "https://npm.vancat.am/esbuild/-/esbuild-0.8.42.tgz",
      "integrity": "sha512-zUtj5RMqROCCCH0vV/a7cd8YQg8I0GWBhV3A3PklWRT+oM/YwVbnrtFnITzE1otGdnXplWHWdZ4OcYiV0PN+JQ==",
      "dev": true
    },
    "fsevents": {
      "version": "2.3.2",
      "resolved": "https://npm.vancat.am/fsevents/-/fsevents-2.3.2.tgz",
      "integrity": "sha512-xiqMQR4xAeHTuB9uWm+fFRcIOgKBMiOBP+eXiyT7jsgVCq1bkVygt00oASowB7EdtpOHaaPgKt812P9ab+DDKA==",
      "dev": true,
      "optional": true
    },
    "graham_scan": {
      "version": "1.0.4",
      "resolved": "https://npm.vancat.am/graham_scan/-/graham_scan-1.0.4.tgz",
      "integrity": "sha1-OZZR3R+DU+GID1nqjl+Uud9Mkoo="
    },
    "is-docker": {
      "version": "2.1.1",
      "resolved": "https://npm.vancat.am/is-docker/-/is-docker-2.1.1.tgz",
      "integrity": "sha512-ZOoqiXfEwtGknTiuDEy8pN2CfE3TxMHprvNer1mXiqwkOT77Rw3YVrUQ52EqAOU3QAWDQ+bQdx7HJzrv7LS2Hw==",
      "dev": true
    },
    "is-wsl": {
      "version": "2.2.0",
      "resolved": "https://npm.vancat.am/is-wsl/-/is-wsl-2.2.0.tgz",
      "integrity": "sha512-fKzAra0rGJUUBwGBgNkHZuToZcn+TtXHpeCgmkMJMMYx1sQDYaCSyjJBSCa2nH1DGm7s3n1oBnohoVTBaN7Lww==",
      "dev": true,
      "requires": {
        "is-docker": "^2.0.0"
      }
    },
    "kdbush": {
      "version": "2.0.1",
      "resolved": "https://npm.vancat.am/kdbush/-/kdbush-2.0.1.tgz",
      "integrity": "sha512-9KqSdmWCkBIisFIGclT0FRagKhI7IVbMyUjsxCFG0Ly1Dg6whlxJ7b9lrq8ifk3X/fGeJzok1R75LQfZTfA5zQ=="
    },
    "makerjs": {
      "version": "0.17.0",
      "resolved": "https://npm.vancat.am/makerjs/-/makerjs-0.17.0.tgz",
      "integrity": "sha512-uUCQKnzqVwfIzwp4nJEcOBQoxoI5pOD4Y2+8lzRlcboWvO4+H2okzmZ6DiTAT+2w28qDN548Wl/EWXwj2FjACw==",
      "requires": {
        "@danmarshall/jscad-typings": "^1.0.0",
        "@types/bezier-js": "^0.0.6",
        "@types/node": "^7.0.5",
        "@types/opentype.js": "^0.7.0",
        "@types/pdfkit": "^0.7.34",
        "bezier-js": "^2.1.0",
        "clone": "^1.0.2",
        "graham_scan": "^1.0.4",
        "kdbush": "^2.0.1"
      }
    },
    "open": {
      "version": "7.4.0",
      "resolved": "https://npm.vancat.am/open/-/open-7.4.0.tgz",
      "integrity": "sha512-PGoBCX/lclIWlpS/R2PQuIR4NJoXh6X5AwVzE7WXnWRGvHg7+4TBCgsujUgiPpm0K1y4qvQeWnCWVTpTKZBtvA==",
      "dev": true,
      "requires": {
        "is-docker": "^2.0.0",
        "is-wsl": "^2.1.1"
      }
    },
    "rollup": {
      "version": "2.38.5",
      "resolved": "https://npm.vancat.am/rollup/-/rollup-2.38.5.tgz",
      "integrity": "sha512-VoWt8DysFGDVRGWuHTqZzT02J0ASgjVq/hPs9QcBOGMd7B+jfTr/iqMVEyOi901rE3xq+Deq66GzIT1yt7sGwQ==",
      "dev": true,
      "requires": {
        "fsevents": "~2.3.1"
      }
    },
    "seed-random": {
      "version": "2.2.0",
      "resolved": "https://npm.vancat.am/seed-random/-/seed-random-2.2.0.tgz",
      "integrity": "sha1-KpsZ4lCoFwmSMaW5mk2vgLf77VQ="
    },
    "snowpack": {
      "version": "3.0.11",
      "resolved": "https://npm.vancat.am/snowpack/-/snowpack-3.0.11.tgz",
      "integrity": "sha512-lBxgkvWTgdg0szE31JUt01wQkA9Lnmm+6lxqeV9rxDfflpx7ASnldVHFvu7Se70QJmPTQB0UJjfKI+xmYGwiiQ==",
      "dev": true,
      "requires": {
        "esbuild": "^0.8.7",
        "fsevents": "^2.2.0",
        "open": "^7.0.4",
        "rollup": "^2.34.0"
      }
    },
    "svg-blueprint": {
      "version": "1.0.1",
      "resolved": "https://npm.vancat.am/svg-blueprint/-/svg-blueprint-1.0.1.tgz",
      "integrity": "sha512-v3zCv/XBXbwC8hXiUlAuoolkUxmC58mCJVeivxF1hb/fgUpvNRG26xdU+j3/++swi7adXOGOhRmP/No92DDEZw=="
    }
  }
}
